<?xml version="1.0" encoding="utf-8"?>
<Project ToolsVersion="4.0" xmlns="http://schemas.microsoft.com/developer/msbuild/2003">
  <ItemGroup>
    <Filter Include="Engine">
      <UniqueIdentifier>{DBC7D3B0-C769-FE86-B024-12DB9C6585D7}</UniqueIdentifier>
    </Filter>
    <Filter Include="Engine\Engine">
      <UniqueIdentifier>{00EE2439-6CAE-A06F-35E9-E9ECA168E54B}</UniqueIdentifier>
    </Filter>
    <Filter Include="Engine\Engine\Common">
      <UniqueIdentifier>{383BDE02-24CA-67CC-CDE8-7BC7B9567872}</UniqueIdentifier>
    </Filter>
    <Filter Include="Engine\Engine\GUI">
      <UniqueIdentifier>{14ED06FE-8003-0594-C97A-90B535D0D51B}</UniqueIdentifier>
    </Filter>
    <Filter Include="Engine\Engine\RenderPasses">
      <UniqueIdentifier>{1E657903-0A75-25D4-732E-8AF25F5D146D}</UniqueIdentifier>
    </Filter>
    <Filter Include="Engine\Externals">
      <UniqueIdentifier>{80EE67F3-6CE7-8645-9519-6CCA81716651}</UniqueIdentifier>
    </Filter>
    <Filter Include="Engine\Externals\imgui">
      <UniqueIdentifier>{EADB8C3B-D6D5-B58D-BF42-4C9EABDB1BFA}</UniqueIdentifier>
    </Filter>
    <Filter Include="Engine\Externals\imgui\backends">
      <UniqueIdentifier>{545D71A2-C040-80E2-C943-AE1E35A64633}</UniqueIdentifier>
    </Filter>
    <Filter Include="src">
      <UniqueIdentifier>{2DAB880B-99B4-887C-2230-9F7C8E38947C}</UniqueIdentifier>
    </Filter>
    <Filter Include="src\LandAndWavesDemo">
      <UniqueIdentifier>{D940FFF3-C5CF-88BD-6EEE-9CB85A5C9963}</UniqueIdentifier>
    </Filter>
  </ItemGroup>
  <ItemGroup>
    <ClInclude Include="..\..\Engine\Engine\Common\Camera.h">
      <Filter>Engine\Engine\Common</Filter>
    </ClInclude>
    <ClInclude Include="..\..\Engine\Engine\Common\DDSTextureLoader.h">
      <Filter>Engine\Engine\Common</Filter>
    </ClInclude>
    <ClInclude Include="..\..\Engine\Engine\Common\DXCore.h">
      <Filter>Engine\Engine\Common</Filter>
    </ClInclude>
    <ClInclude Include="..\..\Engine\Engine\Common\DXUtil.h">
      <Filter>Engine\Engine\Common</Filter>
    </ClInclude>
    <ClInclude Include="..\..\Engine\Engine\Common\GameTimer.h">
      <Filter>Engine\Engine\Common</Filter>
    </ClInclude>
    <ClInclude Include="..\..\Engine\Engine\Common\GeometryGenerator.h">
      <Filter>Engine\Engine\Common</Filter>
    </ClInclude>
    <ClInclude Include="..\..\Engine\Engine\Common\MathHelper.h">
      <Filter>Engine\Engine\Common</Filter>
    </ClInclude>
    <ClInclude Include="..\..\Engine\Engine\Common\UploadBuffer.h">
      <Filter>Engine\Engine\Common</Filter>
    </ClInclude>
    <ClInclude Include="..\..\Engine\Engine\Common\d3dx12.h">
      <Filter>Engine\Engine\Common</Filter>
    </ClInclude>
    <ClInclude Include="..\..\Engine\Engine\DescriptorHeap.h">
      <Filter>Engine\Engine</Filter>
    </ClInclude>
    <ClInclude Include="..\..\Engine\Engine\FrameResource.h">
      <Filter>Engine\Engine</Filter>
    </ClInclude>
    <ClInclude Include="..\..\Engine\Engine\GUI\GUI.h">
      <Filter>Engine\Engine\GUI</Filter>
    </ClInclude>
    <ClInclude Include="..\..\Engine\Engine\GeoBuilder.h">
      <Filter>Engine\Engine</Filter>
    </ClInclude>
    <ClInclude Include="..\..\Engine\Engine\Material.h">
      <Filter>Engine\Engine</Filter>
    </ClInclude>
    <ClInclude Include="..\..\Engine\Engine\RenderItem.h">
      <Filter>Engine\Engine</Filter>
    </ClInclude>
    <ClInclude Include="..\..\Engine\Engine\RenderPasses\ShadowMap.h">
      <Filter>Engine\Engine\RenderPasses</Filter>
    </ClInclude>
    <ClInclude Include="..\..\Engine\Engine\Texture.h">
      <Filter>Engine\Engine</Filter>
    </ClInclude>
    <ClInclude Include="..\..\Engine\Externals\imgui\backends\imgui_impl_dx12.h">
      <Filter>Engine\Externals\imgui\backends</Filter>
    </ClInclude>
    <ClInclude Include="..\..\Engine\Externals\imgui\backends\imgui_impl_win32.h">
      <Filter>Engine\Externals\imgui\backends</Filter>
    </ClInclude>
    <ClInclude Include="..\..\Engine\Externals\imgui\imconfig.h">
      <Filter>Engine\Externals\imgui</Filter>
    </ClInclude>
    <ClInclude Include="..\..\Engine\Externals\imgui\imgui.h">
      <Filter>Engine\Externals\imgui</Filter>
    </ClInclude>
    <ClInclude Include="..\..\Engine\Externals\imgui\imgui_internal.h">
      <Filter>Engine\Externals\imgui</Filter>
    </ClInclude>
    <ClInclude Include="..\..\Engine\Externals\imgui\imstb_rectpack.h">
      <Filter>Engine\Externals\imgui</Filter>
    </ClInclude>
    <ClInclude Include="..\..\Engine\Externals\imgui\imstb_textedit.h">
      <Filter>Engine\Externals\imgui</Filter>
    </ClInclude>
    <ClInclude Include="..\..\Engine\Externals\imgui\imstb_truetype.h">
      <Filter>Engine\Externals\imgui</Filter>
    </ClInclude>
    <ClInclude Include="src\LandAndWavesDemo\Game.h">
      <Filter>src\LandAndWavesDemo</Filter>
    </ClInclude>
    <ClInclude Include="src\lmpch.h">
      <Filter>src</Filter>
    </ClInclude>
  </ItemGroup>
  <ItemGroup>
    <ClCompile Include="..\..\Engine\Engine\Common\Camera.cpp">
      <Filter>Engine\Engine\Common</Filter>
    </ClCompile>
    <ClCompile Include="..\..\Engine\Engine\Common\DDSTextureLoader.cpp">
      <Filter>Engine\Engine\Common</Filter>
    </ClCompile>
    <ClCompile Include="..\..\Engine\Engine\Common\DXCore.cpp">
      <Filter>Engine\Engine\Common</Filter>
    </ClCompile>
    <ClCompile Include="..\..\Engine\Engine\Common\DXUtil.cpp">
      <Filter>Engine\Engine\Common</Filter>
    </ClCompile>
    <ClCompile Include="..\..\Engine\Engine\Common\GameTimer.cpp">
      <Filter>Engine\Engine\Common</Filter>
    </ClCompile>
    <ClCompile Include="..\..\Engine\Engine\Common\GeometryGenerator.cpp">
      <Filter>Engine\Engine\Common</Filter>
    </ClCompile>
    <ClCompile Include="..\..\Engine\Engine\Common\MathHelper.cpp">
      <Filter>Engine\Engine\Common</Filter>
    </ClCompile>
    <ClCompile Include="..\..\Engine\Engine\DescriptorHeap.cpp">
      <Filter>Engine\Engine</Filter>
    </ClCompile>
    <ClCompile Include="..\..\Engine\Engine\FrameResource.cpp">
      <Filter>Engine\Engine</Filter>
    </ClCompile>
    <ClCompile Include="..\..\Engine\Engine\GUI\GUI.cpp">
      <Filter>Engine\Engine\GUI</Filter>
    </ClCompile>
    <ClCompile Include="..\..\Engine\Engine\GeoBuilder.cpp">
      <Filter>Engine\Engine</Filter>
    </ClCompile>
    <ClCompile Include="..\..\Engine\Engine\Material.cpp">
      <Filter>Engine\Engine</Filter>
    </ClCompile>
    <ClCompile Include="..\..\Engine\Engine\RenderPasses\ShadowMap.cpp">
      <Filter>Engine\Engine\RenderPasses</Filter>
    </ClCompile>
    <ClCompile Include="..\..\Engine\Engine\Texture.cpp">
      <Filter>Engine\Engine</Filter>
    </ClCompile>
    <ClCompile Include="..\..\Engine\Externals\imgui\backends\imgui_impl_dx12.cpp">
      <Filter>Engine\Externals\imgui\backends</Filter>
    </ClCompile>
    <ClCompile Include="..\..\Engine\Externals\imgui\backends\imgui_impl_win32.cpp">
      <Filter>Engine\Externals\imgui\backends</Filter>
    </ClCompile>
    <ClCompile Include="..\..\Engine\Externals\imgui\imgui.cpp">
      <Filter>Engine\Externals\imgui</Filter>
    </ClCompile>
    <ClCompile Include="..\..\Engine\Externals\imgui\imgui_demo.cpp">
      <Filter>Engine\Externals\imgui</Filter>
    </ClCompile>
    <ClCompile Include="..\..\Engine\Externals\imgui\imgui_draw.cpp">
      <Filter>Engine\Externals\imgui</Filter>
    </ClCompile>
    <ClCompile Include="..\..\Engine\Externals\imgui\imgui_tables.cpp">
      <Filter>Engine\Externals\imgui</Filter>
    </ClCompile>
    <ClCompile Include="..\..\Engine\Externals\imgui\imgui_widgets.cpp">
      <Filter>Engine\Externals\imgui</Filter>
    </ClCompile>
    <ClCompile Include="src\LandAndWavesDemo\Game.cpp">
      <Filter>src\LandAndWavesDemo</Filter>
    </ClCompile>
    <ClCompile Include="src\Main.cpp">
      <Filter>src</Filter>
    </ClCompile>
    <ClCompile Include="src\lmpch.cpp">
      <Filter>src</Filter>
    </ClCompile>
  </ItemGroup>
</Project>