<?xml version="1.0" encoding="utf-8"?>
<Project ToolsVersion="4.0" xmlns="http://schemas.microsoft.com/developer/msbuild/2003">
  <ItemGroup>
    <Filter Include="engine">
      <UniqueIdentifier>{FBDB78FB-E77D-A3D1-D038-B725BC792A22}</UniqueIdentifier>
    </Filter>
    <Filter Include="engine\engine">
      <UniqueIdentifier>{4032AB6F-ACF2-26A6-752D-7023E1AC6B82}</UniqueIdentifier>
    </Filter>
    <Filter Include="engine\engine\common">
      <UniqueIdentifier>{984B4ABE-84DA-D387-2DF9-E7821967E42D}</UniqueIdentifier>
    </Filter>
    <Filter Include="engine\engine\gui">
      <UniqueIdentifier>{B4DD95DA-20F4-9370-696B-1F92D5C064F8}</UniqueIdentifier>
    </Filter>
    <Filter Include="engine\vendor">
      <UniqueIdentifier>{F8C9B396-648A-2FCD-2DC5-784A994474A9}</UniqueIdentifier>
    </Filter>
    <Filter Include="engine\vendor\imgui">
      <UniqueIdentifier>{62715D12-CED2-3A20-5740-81D2C3A071DF}</UniqueIdentifier>
    </Filter>
    <Filter Include="engine\vendor\imgui\backends">
      <UniqueIdentifier>{CC99AD2E-B854-9DDA-610C-16254DA6E76A}</UniqueIdentifier>
    </Filter>
    <Filter Include="src">
      <UniqueIdentifier>{2DAB880B-99B4-887C-2230-9F7C8E38947C}</UniqueIdentifier>
    </Filter>
    <Filter Include="src\LandAndWavesDemo">
      <UniqueIdentifier>{D940FFF3-C5CF-88BD-6EEE-9CB85A5C9963}</UniqueIdentifier>
    </Filter>
  </ItemGroup>
  <ItemGroup>
    <ClInclude Include="..\..\engine\engine\DescriptorHeapWrapper.h">
      <Filter>engine\engine</Filter>
    </ClInclude>
    <ClInclude Include="..\..\engine\engine\FrameResource.h">
      <Filter>engine\engine</Filter>
    </ClInclude>
    <ClInclude Include="..\..\engine\engine\RenderItem.h">
      <Filter>engine\engine</Filter>
    </ClInclude>
    <ClInclude Include="..\..\engine\engine\common\Camera.h">
      <Filter>engine\engine\common</Filter>
    </ClInclude>
    <ClInclude Include="..\..\engine\engine\common\DDSTextureLoader.h">
      <Filter>engine\engine\common</Filter>
    </ClInclude>
    <ClInclude Include="..\..\engine\engine\common\DXCore.h">
      <Filter>engine\engine\common</Filter>
    </ClInclude>
    <ClInclude Include="..\..\engine\engine\common\DXUtil.h">
      <Filter>engine\engine\common</Filter>
    </ClInclude>
    <ClInclude Include="..\..\engine\engine\common\GameTimer.h">
      <Filter>engine\engine\common</Filter>
    </ClInclude>
    <ClInclude Include="..\..\engine\engine\common\GeometryGenerator.h">
      <Filter>engine\engine\common</Filter>
    </ClInclude>
    <ClInclude Include="..\..\engine\engine\common\MathHelper.h">
      <Filter>engine\engine\common</Filter>
    </ClInclude>
    <ClInclude Include="..\..\engine\engine\common\UploadBuffer.h">
      <Filter>engine\engine\common</Filter>
    </ClInclude>
    <ClInclude Include="..\..\engine\engine\common\d3dx12.h">
      <Filter>engine\engine\common</Filter>
    </ClInclude>
    <ClInclude Include="..\..\engine\engine\gui\GUI.h">
      <Filter>engine\engine\gui</Filter>
    </ClInclude>
    <ClInclude Include="..\..\engine\vendor\imgui\backends\imgui_impl_dx12.h">
      <Filter>engine\vendor\imgui\backends</Filter>
    </ClInclude>
    <ClInclude Include="..\..\engine\vendor\imgui\backends\imgui_impl_win32.h">
      <Filter>engine\vendor\imgui\backends</Filter>
    </ClInclude>
    <ClInclude Include="..\..\engine\vendor\imgui\imconfig.h">
      <Filter>engine\vendor\imgui</Filter>
    </ClInclude>
    <ClInclude Include="..\..\engine\vendor\imgui\imgui.h">
      <Filter>engine\vendor\imgui</Filter>
    </ClInclude>
    <ClInclude Include="..\..\engine\vendor\imgui\imgui_internal.h">
      <Filter>engine\vendor\imgui</Filter>
    </ClInclude>
    <ClInclude Include="..\..\engine\vendor\imgui\imstb_rectpack.h">
      <Filter>engine\vendor\imgui</Filter>
    </ClInclude>
    <ClInclude Include="..\..\engine\vendor\imgui\imstb_textedit.h">
      <Filter>engine\vendor\imgui</Filter>
    </ClInclude>
    <ClInclude Include="..\..\engine\vendor\imgui\imstb_truetype.h">
      <Filter>engine\vendor\imgui</Filter>
    </ClInclude>
    <ClInclude Include="src\LandAndWavesDemo\Game.h">
      <Filter>src\LandAndWavesDemo</Filter>
    </ClInclude>
    <ClInclude Include="src\LandAndWavesDemo\Waves.h">
      <Filter>src\LandAndWavesDemo</Filter>
    </ClInclude>
    <ClInclude Include="src\lmpch.h">
      <Filter>src</Filter>
    </ClInclude>
  </ItemGroup>
  <ItemGroup>
    <ClCompile Include="..\..\engine\engine\DescriptorHeapWrapper.cpp">
      <Filter>engine\engine</Filter>
    </ClCompile>
    <ClCompile Include="..\..\engine\engine\FrameResource.cpp">
      <Filter>engine\engine</Filter>
    </ClCompile>
    <ClCompile Include="..\..\engine\engine\common\Camera.cpp">
      <Filter>engine\engine\common</Filter>
    </ClCompile>
    <ClCompile Include="..\..\engine\engine\common\DDSTextureLoader.cpp">
      <Filter>engine\engine\common</Filter>
    </ClCompile>
    <ClCompile Include="..\..\engine\engine\common\DXCore.cpp">
      <Filter>engine\engine\common</Filter>
    </ClCompile>
    <ClCompile Include="..\..\engine\engine\common\DXUtil.cpp">
      <Filter>engine\engine\common</Filter>
    </ClCompile>
    <ClCompile Include="..\..\engine\engine\common\GameTimer.cpp">
      <Filter>engine\engine\common</Filter>
    </ClCompile>
    <ClCompile Include="..\..\engine\engine\common\GeometryGenerator.cpp">
      <Filter>engine\engine\common</Filter>
    </ClCompile>
    <ClCompile Include="..\..\engine\engine\common\MathHelper.cpp">
      <Filter>engine\engine\common</Filter>
    </ClCompile>
    <ClCompile Include="..\..\engine\engine\gui\GUI.cpp">
      <Filter>engine\engine\gui</Filter>
    </ClCompile>
    <ClCompile Include="..\..\engine\vendor\imgui\backends\imgui_impl_dx12.cpp">
      <Filter>engine\vendor\imgui\backends</Filter>
    </ClCompile>
    <ClCompile Include="..\..\engine\vendor\imgui\backends\imgui_impl_win32.cpp">
      <Filter>engine\vendor\imgui\backends</Filter>
    </ClCompile>
    <ClCompile Include="..\..\engine\vendor\imgui\imgui.cpp">
      <Filter>engine\vendor\imgui</Filter>
    </ClCompile>
    <ClCompile Include="..\..\engine\vendor\imgui\imgui_demo.cpp">
      <Filter>engine\vendor\imgui</Filter>
    </ClCompile>
    <ClCompile Include="..\..\engine\vendor\imgui\imgui_draw.cpp">
      <Filter>engine\vendor\imgui</Filter>
    </ClCompile>
    <ClCompile Include="..\..\engine\vendor\imgui\imgui_tables.cpp">
      <Filter>engine\vendor\imgui</Filter>
    </ClCompile>
    <ClCompile Include="..\..\engine\vendor\imgui\imgui_widgets.cpp">
      <Filter>engine\vendor\imgui</Filter>
    </ClCompile>
    <ClCompile Include="src\LandAndWavesDemo\Game.cpp">
      <Filter>src\LandAndWavesDemo</Filter>
    </ClCompile>
    <ClCompile Include="src\LandAndWavesDemo\Waves.cpp">
      <Filter>src\LandAndWavesDemo</Filter>
    </ClCompile>
    <ClCompile Include="src\Main.cpp">
      <Filter>src</Filter>
    </ClCompile>
    <ClCompile Include="src\lmpch.cpp">
      <Filter>src</Filter>
    </ClCompile>
  </ItemGroup>
</Project>