<?xml version="1.0" encoding="utf-8"?>
<Project ToolsVersion="4.0" xmlns="http://schemas.microsoft.com/developer/msbuild/2003">
  <ItemGroup>
    <Filter Include="Source Files">
      <UniqueIdentifier>{4FC737F1-C7A5-4376-A066-2A32D752A2FF}</UniqueIdentifier>
      <Extensions>cpp;c;cc;cxx;c++;cppm;ixx;def;odl;idl;hpj;bat;asm;asmx</Extensions>
    </Filter>
    <Filter Include="Header Files">
      <UniqueIdentifier>{93995380-89BD-4b04-88EB-625FBE52EBFB}</UniqueIdentifier>
      <Extensions>h;hh;hpp;hxx;h++;hm;inl;inc;ipp;xsd</Extensions>
    </Filter>
    <Filter Include="Resource Files">
      <UniqueIdentifier>{67DA6AB6-F800-4c08-8B7A-83BB121AAD01}</UniqueIdentifier>
      <Extensions>rc;ico;cur;bmp;dlg;rc2;rct;bin;rgs;gif;jpg;jpeg;jpe;resx;tiff;tif;png;wav;mfcribbon-ms</Extensions>
    </Filter>
    <Filter Include="Shaders">
      <UniqueIdentifier>{e3ac05f4-2cbe-4532-8b27-bd286afdeabc}</UniqueIdentifier>
    </Filter>
    <Filter Include="Header Files\Common">
      <UniqueIdentifier>{3ac83ba1-ee77-4d8c-bc42-f5eb612502c3}</UniqueIdentifier>
    </Filter>
    <Filter Include="Source Files\Common">
      <UniqueIdentifier>{4dba694c-519f-4345-923a-1f9e1f11ca8d}</UniqueIdentifier>
    </Filter>
    <Filter Include="Demo Scenes">
      <UniqueIdentifier>{86b2c955-9122-4b80-bf2a-2f949c3dabce}</UniqueIdentifier>
    </Filter>
    <Filter Include="Demo Scenes\Shapes Demo Scene">
      <UniqueIdentifier>{b359cdd5-bef0-41bc-bab6-7966fa6f8a34}</UniqueIdentifier>
    </Filter>
    <Filter Include="Demo Scenes\LandAndWaves Demo Scene">
      <UniqueIdentifier>{354aa699-a060-4832-9fa0-6e7cffb9458d}</UniqueIdentifier>
    </Filter>
    <Filter Include="Header Files\GUI">
      <UniqueIdentifier>{64f4cbde-ec05-4630-a842-803f67b67c8c}</UniqueIdentifier>
    </Filter>
    <Filter Include="Source Files\GUI">
      <UniqueIdentifier>{138894d3-ca12-46e9-8058-f6f5569ce1ff}</UniqueIdentifier>
    </Filter>
  </ItemGroup>
  <ItemGroup>
    <ClCompile Include="src\LandAndWavesApp.cpp">
      <Filter>Demo Scenes\LandAndWaves Demo Scene</Filter>
    </ClCompile>
    <ClCompile Include="src\Waves.cpp">
      <Filter>Demo Scenes\LandAndWaves Demo Scene</Filter>
    </ClCompile>
    <ClCompile Include="src\ShapesApp.cpp">
      <Filter>Demo Scenes\Shapes Demo Scene</Filter>
    </ClCompile>
    <ClCompile Include="..\..\engine\engine\common\MathHelper.cpp">
      <Filter>Source Files\Common</Filter>
    </ClCompile>
    <ClCompile Include="..\..\engine\engine\common\GeometryGenerator.cpp">
      <Filter>Source Files\Common</Filter>
    </ClCompile>
    <ClCompile Include="..\..\engine\engine\common\GameTimer.cpp">
      <Filter>Source Files\Common</Filter>
    </ClCompile>
    <ClCompile Include="..\..\engine\engine\common\DDSTextureLoader.cpp">
      <Filter>Source Files\Common</Filter>
    </ClCompile>
    <ClCompile Include="..\..\engine\engine\common\d3dUtil.cpp">
      <Filter>Source Files\Common</Filter>
    </ClCompile>
    <ClCompile Include="..\..\engine\engine\common\d3dApp.cpp">
      <Filter>Source Files\Common</Filter>
    </ClCompile>
    <ClCompile Include="..\..\engine\engine\common\Camera.cpp">
      <Filter>Source Files\Common</Filter>
    </ClCompile>
    <ClCompile Include="..\..\engine\engine\FrameResource.cpp">
      <Filter>Source Files</Filter>
    </ClCompile>
    <ClCompile Include="..\..\engine\engine\Main.cpp">
      <Filter>Source Files</Filter>
    </ClCompile>
    <ClCompile Include="..\..\engine\engine\gui\GUI.cpp">
      <Filter>Source Files\GUI</Filter>
    </ClCompile>
  </ItemGroup>
  <ItemGroup>
    <ClInclude Include="src\LandAndWavesApp.h">
      <Filter>Demo Scenes\LandAndWaves Demo Scene</Filter>
    </ClInclude>
    <ClInclude Include="src\Waves.h">
      <Filter>Demo Scenes\LandAndWaves Demo Scene</Filter>
    </ClInclude>
    <ClInclude Include="src\ShapesApp.h">
      <Filter>Demo Scenes\Shapes Demo Scene</Filter>
    </ClInclude>
    <ClInclude Include="..\..\engine\engine\common\Camera.h">
      <Filter>Header Files\Common</Filter>
    </ClInclude>
    <ClInclude Include="..\..\engine\engine\common\d3dApp.h">
      <Filter>Header Files\Common</Filter>
    </ClInclude>
    <ClInclude Include="..\..\engine\engine\common\d3dUtil.h">
      <Filter>Header Files\Common</Filter>
    </ClInclude>
    <ClInclude Include="..\..\engine\engine\common\d3dx12.h">
      <Filter>Header Files\Common</Filter>
    </ClInclude>
    <ClInclude Include="..\..\engine\engine\common\DDSTextureLoader.h">
      <Filter>Header Files\Common</Filter>
    </ClInclude>
    <ClInclude Include="..\..\engine\engine\common\GameTimer.h">
      <Filter>Header Files\Common</Filter>
    </ClInclude>
    <ClInclude Include="..\..\engine\engine\common\GeometryGenerator.h">
      <Filter>Header Files\Common</Filter>
    </ClInclude>
    <ClInclude Include="..\..\engine\engine\common\MathHelper.h">
      <Filter>Header Files\Common</Filter>
    </ClInclude>
    <ClInclude Include="..\..\engine\engine\common\UploadBuffer.h">
      <Filter>Header Files\Common</Filter>
    </ClInclude>
    <ClInclude Include="..\..\engine\engine\FrameResource.h">
      <Filter>Header Files</Filter>
    </ClInclude>
    <ClInclude Include="..\..\engine\engine\RenderItem.h">
      <Filter>Header Files</Filter>
    </ClInclude>
    <ClInclude Include="..\..\engine\engine\gui\GUI.h">
      <Filter>Header Files\GUI</Filter>
    </ClInclude>
  </ItemGroup>
  <ItemGroup>
    <FxCompile Include="..\..\engine\engine\shaders\Default.hlsl">
      <Filter>Shaders</Filter>
    </FxCompile>
    <FxCompile Include="..\..\engine\engine\shaders\LightingUtil.hlsl">
      <Filter>Shaders</Filter>
    </FxCompile>
  </ItemGroup>
</Project>