<?xml version="1.0" encoding="utf-8"?>
<Project ToolsVersion="4.0" xmlns="http://schemas.microsoft.com/developer/msbuild/2003">
  <ItemGroup>
    <Filter Include="Source Files">
      <UniqueIdentifier>{4FC737F1-C7A5-4376-A066-2A32D752A2FF}</UniqueIdentifier>
      <Extensions>cpp;c;cc;cxx;c++;cppm;ixx;def;odl;idl;hpj;bat;asm;asmx</Extensions>
    </Filter>
    <Filter Include="Header Files">
      <UniqueIdentifier>{93995380-89BD-4b04-88EB-625FBE52EBFB}</UniqueIdentifier>
      <Extensions>h;hh;hpp;hxx;h++;hm;inl;inc;ipp;xsd</Extensions>
    </Filter>
    <Filter Include="Resource Files">
      <UniqueIdentifier>{67DA6AB6-F800-4c08-8B7A-83BB121AAD01}</UniqueIdentifier>
      <Extensions>rc;ico;cur;bmp;dlg;rc2;rct;bin;rgs;gif;jpg;jpeg;jpe;resx;tiff;tif;png;wav;mfcribbon-ms</Extensions>
    </Filter>
    <Filter Include="Shaders">
      <UniqueIdentifier>{956fb7b7-5e25-496d-a89d-d7a6a030223e}</UniqueIdentifier>
    </Filter>
    <Filter Include="Shapes Demo">
      <UniqueIdentifier>{dde9cf66-772d-4777-85f6-4f9962435df4}</UniqueIdentifier>
    </Filter>
    <Filter Include="Header Files\Common">
      <UniqueIdentifier>{912f9be0-49fc-416f-a553-a9697bb5d267}</UniqueIdentifier>
    </Filter>
    <Filter Include="Source Files\Common">
      <UniqueIdentifier>{fd4a6992-0127-4dbe-a589-14db9e6870e9}</UniqueIdentifier>
    </Filter>
    <Filter Include="Header Files\imgui">
      <UniqueIdentifier>{ff2be305-d02e-4f70-b6be-84fac2be911d}</UniqueIdentifier>
    </Filter>
    <Filter Include="Source Files\imgui">
      <UniqueIdentifier>{976abb5a-935e-4611-9abf-b6a6c02d24e5}</UniqueIdentifier>
    </Filter>
  </ItemGroup>
  <ItemGroup>
    <ClCompile Include="Main.cpp">
      <Filter>Source Files</Filter>
    </ClCompile>
    <ClCompile Include="Common\MathHelper.cpp">
      <Filter>Source Files\Common</Filter>
    </ClCompile>
    <ClCompile Include="Common\Camera.cpp">
      <Filter>Source Files\Common</Filter>
    </ClCompile>
    <ClCompile Include="Common\d3dApp.cpp">
      <Filter>Source Files\Common</Filter>
    </ClCompile>
    <ClCompile Include="Common\d3dUtil.cpp">
      <Filter>Source Files\Common</Filter>
    </ClCompile>
    <ClCompile Include="Common\DDSTextureLoader.cpp">
      <Filter>Source Files\Common</Filter>
    </ClCompile>
    <ClCompile Include="Common\GameTimer.cpp">
      <Filter>Source Files\Common</Filter>
    </ClCompile>
    <ClCompile Include="Common\GeometryGenerator.cpp">
      <Filter>Source Files\Common</Filter>
    </ClCompile>
    <ClCompile Include="LandAndWavesApp.cpp">
      <Filter>Source Files</Filter>
    </ClCompile>
    <ClCompile Include="ShapesApp.cpp">
      <Filter>Shapes Demo</Filter>
    </ClCompile>
    <ClCompile Include="Waves.cpp">
      <Filter>Source Files</Filter>
    </ClCompile>
    <ClCompile Include="FrameResource.cpp">
      <Filter>Source Files\Common</Filter>
    </ClCompile>
    <ClCompile Include="external\imgui\imgui.cpp">
      <Filter>Source Files\imgui</Filter>
    </ClCompile>
    <ClCompile Include="external\imgui\imgui_draw.cpp">
      <Filter>Source Files\imgui</Filter>
    </ClCompile>
    <ClCompile Include="external\imgui\imgui_impl_dx12.cpp">
      <Filter>Source Files\imgui</Filter>
    </ClCompile>
    <ClCompile Include="external\imgui\imgui_impl_win32.cpp">
      <Filter>Source Files\imgui</Filter>
    </ClCompile>
    <ClCompile Include="external\imgui\imgui_tables.cpp">
      <Filter>Source Files\imgui</Filter>
    </ClCompile>
    <ClCompile Include="external\imgui\imgui_widgets.cpp">
      <Filter>Source Files\imgui</Filter>
    </ClCompile>
  </ItemGroup>
  <ItemGroup>
    <ClInclude Include="ShapesApp.h">
      <Filter>Shapes Demo</Filter>
    </ClInclude>
    <ClInclude Include="Common\Camera.h">
      <Filter>Header Files\Common</Filter>
    </ClInclude>
    <ClInclude Include="Common\d3dApp.h">
      <Filter>Header Files\Common</Filter>
    </ClInclude>
    <ClInclude Include="Common\d3dUtil.h">
      <Filter>Header Files\Common</Filter>
    </ClInclude>
    <ClInclude Include="Common\DDSTextureLoader.h">
      <Filter>Header Files\Common</Filter>
    </ClInclude>
    <ClInclude Include="Common\GameTimer.h">
      <Filter>Header Files\Common</Filter>
    </ClInclude>
    <ClInclude Include="Common\GeometryGenerator.h">
      <Filter>Header Files\Common</Filter>
    </ClInclude>
    <ClInclude Include="Common\MathHelper.h">
      <Filter>Header Files\Common</Filter>
    </ClInclude>
    <ClInclude Include="Common\UploadBuffer.h">
      <Filter>Header Files\Common</Filter>
    </ClInclude>
    <ClInclude Include="FrameResource.h">
      <Filter>Header Files\Common</Filter>
    </ClInclude>
    <ClInclude Include="RenderItem.h">
      <Filter>Header Files\Common</Filter>
    </ClInclude>
    <ClInclude Include="LandAndWavesApp.h">
      <Filter>Header Files</Filter>
    </ClInclude>
    <ClInclude Include="Waves.h">
      <Filter>Header Files</Filter>
    </ClInclude>
    <ClInclude Include="external\imgui\imconfig.h">
      <Filter>Header Files\imgui</Filter>
    </ClInclude>
    <ClInclude Include="external\imgui\imgui.h">
      <Filter>Header Files\imgui</Filter>
    </ClInclude>
    <ClInclude Include="external\imgui\imgui_impl_dx12.h">
      <Filter>Header Files\imgui</Filter>
    </ClInclude>
    <ClInclude Include="external\imgui\imgui_impl_win32.h">
      <Filter>Header Files\imgui</Filter>
    </ClInclude>
    <ClInclude Include="external\imgui\imgui_internal.h">
      <Filter>Header Files\imgui</Filter>
    </ClInclude>
    <ClInclude Include="external\imgui\imstb_rectpack.h">
      <Filter>Header Files\imgui</Filter>
    </ClInclude>
    <ClInclude Include="external\imgui\imstb_textedit.h">
      <Filter>Header Files\imgui</Filter>
    </ClInclude>
    <ClInclude Include="external\imgui\imstb_truetype.h">
      <Filter>Header Files\imgui</Filter>
    </ClInclude>
  </ItemGroup>
  <ItemGroup>
    <FxCompile Include="Shaders\Default.hlsl">
      <Filter>Shaders</Filter>
    </FxCompile>
    <FxCompile Include="Shaders\LightingUtil.hlsl">
      <Filter>Shaders</Filter>
    </FxCompile>
  </ItemGroup>
</Project>